
Microsoft Visual Studio Solution File, Format Version 12.00
# Visual Studio 15
VisualStudioVersion = 15.0.26124.0
MinimumVisualStudioVersion = 15.0.26124.0
Project("{FAE04EC0-301F-11D3-BF4B-00C04F79EFBC}") = "OpenShiftDemoApp", "OpenShiftDemoApp\OpenShiftDemoApp.csproj", "{DD3A6E36-9A05-4683-A637-39CA828F9E4C}"
EndProject
Global
	GlobalSection(SolutionConfigurationPlatforms) = preSolution
		Debug|Any CPU = Debug|Any CPU
		Debug|x64 = Debug|x64
		Debug|x86 = Debug|x86
		Release|Any CPU = Release|Any CPU
		Release|x64 = Release|x64
		Release|x86 = Release|x86
	EndGlobalSection
	GlobalSection(SolutionProperties) = preSolution
		HideSolutionNode = FALSE
	EndGlobalSection
	GlobalSection(ProjectConfigurationPlatforms) = postSolution
		{DD3A6E36-9A05-4683-A637-39CA828F9E4C}.Debug|Any CPU.ActiveCfg = Debug|Any CPU
		{DD3A6E36-9A05-4683-A637-39CA828F9E4C}.Debug|Any CPU.Build.0 = Debug|Any CPU
		{DD3A6E36-9A05-4683-A637-39CA828F9E4C}.Debug|x64.ActiveCfg = Debug|x64
		{DD3A6E36-9A05-4683-A637-39CA828F9E4C}.Debug|x64.Build.0 = Debug|x64
		{DD3A6E36-9A05-4683-A637-39CA828F9E4C}.Debug|x86.ActiveCfg = Debug|x86
		{DD3A6E36-9A05-4683-A637-39CA828F9E4C}.Debug|x86.Build.0 = Debug|x86
		{DD3A6E36-9A05-4683-A637-39CA828F9E4C}.Release|Any CPU.ActiveCfg = Release|Any CPU
		{DD3A6E36-9A05-4683-A637-39CA828F9E4C}.Release|Any CPU.Build.0 = Release|Any CPU
		{DD3A6E36-9A05-4683-A637-39CA828F9E4C}.Release|x64.ActiveCfg = Release|x64
		{DD3A6E36-9A05-4683-A637-39CA828F9E4C}.Release|x64.Build.0 = Release|x64
		{DD3A6E36-9A05-4683-A637-39CA828F9E4C}.Release|x86.ActiveCfg = Release|x86
		{DD3A6E36-9A05-4683-A637-39CA828F9E4C}.Release|x86.Build.0 = Release|x86
	EndGlobalSection
EndGlobal
